// !$*UTF8*$!
{
	archiveVersion = 1;
	classes = {
	};
	objectVersion = 55;
	objects = {

/* Begin PBXBuildFile section */
		112A1B3227398E3D00501788 /* AppDelegate.swift in Sources */ = {isa = PBXBuildFile; fileRef = 112A1B3127398E3D00501788 /* AppDelegate.swift */; };
		112A1B3427398E3D00501788 /* SceneDelegate.swift in Sources */ = {isa = PBXBuildFile; fileRef = 112A1B3327398E3D00501788 /* SceneDelegate.swift */; };
		112A1B3627398E3D00501788 /* TrendingMoviesViewController.swift in Sources */ = {isa = PBXBuildFile; fileRef = 112A1B3527398E3D00501788 /* TrendingMoviesViewController.swift */; };
		112A1B3927398E3D00501788 /* Main.storyboard in Resources */ = {isa = PBXBuildFile; fileRef = 112A1B3727398E3D00501788 /* Main.storyboard */; };
		112A1B3B27398E3E00501788 /* Assets.xcassets in Resources */ = {isa = PBXBuildFile; fileRef = 112A1B3A27398E3E00501788 /* Assets.xcassets */; };
		112A1B3E27398E3E00501788 /* LaunchScreen.storyboard in Resources */ = {isa = PBXBuildFile; fileRef = 112A1B3C27398E3E00501788 /* LaunchScreen.storyboard */; };
		112A1B462739962D00501788 /* NetworkManager.swift in Sources */ = {isa = PBXBuildFile; fileRef = 112A1B452739962D00501788 /* NetworkManager.swift */; };
		112A1B4827399ABD00501788 /* Podfile in Resources */ = {isa = PBXBuildFile; fileRef = 112A1B4727399ABD00501788 /* Podfile */; };
		112A1B4C27399C5700501788 /* Results.swift in Sources */ = {isa = PBXBuildFile; fileRef = 112A1B4A27399C5700501788 /* Results.swift */; };
		112A1B4D27399C5700501788 /* JSONResponce.swift in Sources */ = {isa = PBXBuildFile; fileRef = 112A1B4B27399C5700501788 /* JSONResponce.swift */; };
		112A1B512739A3E300501788 /* TrendingMovieTableViewCell.swift in Sources */ = {isa = PBXBuildFile; fileRef = 112A1B4F2739A3E300501788 /* TrendingMovieTableViewCell.swift */; };
		112A1B522739A3E300501788 /* TrendingMovieTableViewCell.xib in Resources */ = {isa = PBXBuildFile; fileRef = 112A1B502739A3E300501788 /* TrendingMovieTableViewCell.xib */; };
		112A1B572739AC9200501788 /* MovieDetailsViewController.swift in Sources */ = {isa = PBXBuildFile; fileRef = 112A1B532739A92200501788 /* MovieDetailsViewController.swift */; };
		5AF45B51E0707CF3BADE93B4 /* Pods_TMDb.framework in Frameworks */ = {isa = PBXBuildFile; fileRef = BA4024B1C3C228A80497B738 /* Pods_TMDb.framework */; };
/* End PBXBuildFile section */

/* Begin PBXFileReference section */
		112A1B2E27398E3D00501788 /* TMDb.app */ = {isa = PBXFileReference; explicitFileType = wrapper.application; includeInIndex = 0; path = TMDb.app; sourceTree = BUILT_PRODUCTS_DIR; };
		112A1B3127398E3D00501788 /* AppDelegate.swift */ = {isa = PBXFileReference; lastKnownFileType = sourcecode.swift; path = AppDelegate.swift; sourceTree = "<group>"; };
		112A1B3327398E3D00501788 /* SceneDelegate.swift */ = {isa = PBXFileReference; lastKnownFileType = sourcecode.swift; path = SceneDelegate.swift; sourceTree = "<group>"; };
		112A1B3527398E3D00501788 /* TrendingMoviesViewController.swift */ = {isa = PBXFileReference; lastKnownFileType = sourcecode.swift; path = TrendingMoviesViewController.swift; sourceTree = "<group>"; };
		112A1B3827398E3D00501788 /* Base */ = {isa = PBXFileReference; lastKnownFileType = file.storyboard; name = Base; path = Base.lproj/Main.storyboard; sourceTree = "<group>"; };
		112A1B3A27398E3E00501788 /* Assets.xcassets */ = {isa = PBXFileReference; lastKnownFileType = folder.assetcatalog; path = Assets.xcassets; sourceTree = "<group>"; };
		112A1B3D27398E3E00501788 /* Base */ = {isa = PBXFileReference; lastKnownFileType = file.storyboard; name = Base; path = Base.lproj/LaunchScreen.storyboard; sourceTree = "<group>"; };
		112A1B3F27398E3E00501788 /* Info.plist */ = {isa = PBXFileReference; lastKnownFileType = text.plist.xml; path = Info.plist; sourceTree = "<group>"; };
		112A1B452739962D00501788 /* NetworkManager.swift */ = {isa = PBXFileReference; lastKnownFileType = sourcecode.swift; path = NetworkManager.swift; sourceTree = "<group>"; };
		112A1B4727399ABD00501788 /* Podfile */ = {isa = PBXFileReference; fileEncoding = 4; lastKnownFileType = text; path = Podfile; sourceTree = SOURCE_ROOT; xcLanguageSpecificationIdentifier = xcode.lang.ruby; };
		112A1B4A27399C5700501788 /* Results.swift */ = {isa = PBXFileReference; fileEncoding = 4; lastKnownFileType = sourcecode.swift; path = Results.swift; sourceTree = "<group>"; };
		112A1B4B27399C5700501788 /* JSONResponce.swift */ = {isa = PBXFileReference; fileEncoding = 4; lastKnownFileType = sourcecode.swift; path = JSONResponce.swift; sourceTree = "<group>"; };
		112A1B4F2739A3E300501788 /* TrendingMovieTableViewCell.swift */ = {isa = PBXFileReference; lastKnownFileType = sourcecode.swift; path = TrendingMovieTableViewCell.swift; sourceTree = "<group>"; };
		112A1B502739A3E300501788 /* TrendingMovieTableViewCell.xib */ = {isa = PBXFileReference; lastKnownFileType = file.xib; path = TrendingMovieTableViewCell.xib; sourceTree = "<group>"; };
		112A1B532739A92200501788 /* MovieDetailsViewController.swift */ = {isa = PBXFileReference; lastKnownFileType = sourcecode.swift; path = MovieDetailsViewController.swift; sourceTree = "<group>"; };
		BA4024B1C3C228A80497B738 /* Pods_TMDb.framework */ = {isa = PBXFileReference; explicitFileType = wrapper.framework; includeInIndex = 0; path = Pods_TMDb.framework; sourceTree = BUILT_PRODUCTS_DIR; };
		DD14CF10FBAF9F2990A0C957 /* Pods-TMDb.release.xcconfig */ = {isa = PBXFileReference; includeInIndex = 1; lastKnownFileType = text.xcconfig; name = "Pods-TMDb.release.xcconfig"; path = "Target Support Files/Pods-TMDb/Pods-TMDb.release.xcconfig"; sourceTree = "<group>"; };
		EA99C680404C1EFC0AA317E7 /* Pods-TMDb.debug.xcconfig */ = {isa = PBXFileReference; includeInIndex = 1; lastKnownFileType = text.xcconfig; name = "Pods-TMDb.debug.xcconfig"; path = "Target Support Files/Pods-TMDb/Pods-TMDb.debug.xcconfig"; sourceTree = "<group>"; };
/* End PBXFileReference section */

/* Begin PBXFrameworksBuildPhase section */
		112A1B2B27398E3D00501788 /* Frameworks */ = {
			isa = PBXFrameworksBuildPhase;
			buildActionMask = 2147483647;
			files = (
				5AF45B51E0707CF3BADE93B4 /* Pods_TMDb.framework in Frameworks */,
			);
			runOnlyForDeploymentPostprocessing = 0;
		};
/* End PBXFrameworksBuildPhase section */

/* Begin PBXGroup section */
		112A1B2527398E3D00501788 = {
			isa = PBXGroup;
			children = (
				112A1B3027398E3D00501788 /* TMDb */,
				112A1B2F27398E3D00501788 /* Products */,
				72C6525F468704D8A00C7D60 /* Pods */,
				F51378586A2A8923464EE9E4 /* Frameworks */,
			);
			sourceTree = "<group>";
		};
		112A1B2F27398E3D00501788 /* Products */ = {
			isa = PBXGroup;
			children = (
				112A1B2E27398E3D00501788 /* TMDb.app */,
			);
			name = Products;
			sourceTree = "<group>";
		};
		112A1B3027398E3D00501788 /* TMDb */ = {
			isa = PBXGroup;
			children = (
				112A1B532739A92200501788 /* MovieDetailsViewController.swift */,
				112A1B3527398E3D00501788 /* TrendingMoviesViewController.swift */,
				112A1B4E2739A3C800501788 /* Cell */,
				112A1B4927399C4E00501788 /* Models */,
				112A1B4727399ABD00501788 /* Podfile */,
				112A1B3127398E3D00501788 /* AppDelegate.swift */,
				112A1B3327398E3D00501788 /* SceneDelegate.swift */,
				112A1B3727398E3D00501788 /* Main.storyboard */,
				112A1B3A27398E3E00501788 /* Assets.xcassets */,
				112A1B3C27398E3E00501788 /* LaunchScreen.storyboard */,
				112A1B3F27398E3E00501788 /* Info.plist */,
				112A1B452739962D00501788 /* NetworkManager.swift */,
			);
			path = TMDb;
			sourceTree = "<group>";
		};
		112A1B4927399C4E00501788 /* Models */ = {
			isa = PBXGroup;
			children = (
				112A1B4B27399C5700501788 /* JSONResponce.swift */,
				112A1B4A27399C5700501788 /* Results.swift */,
			);
			path = Models;
			sourceTree = "<group>";
		};
		112A1B4E2739A3C800501788 /* Cell */ = {
			isa = PBXGroup;
			children = (
				112A1B4F2739A3E300501788 /* TrendingMovieTableViewCell.swift */,
				112A1B502739A3E300501788 /* TrendingMovieTableViewCell.xib */,
			);
			path = Cell;
			sourceTree = "<group>";
		};
		72C6525F468704D8A00C7D60 /* Pods */ = {
			isa = PBXGroup;
			children = (
				EA99C680404C1EFC0AA317E7 /* Pods-TMDb.debug.xcconfig */,
				DD14CF10FBAF9F2990A0C957 /* Pods-TMDb.release.xcconfig */,
			);
			path = Pods;
			sourceTree = "<group>";
		};
		F51378586A2A8923464EE9E4 /* Frameworks */ = {
			isa = PBXGroup;
			children = (
				BA4024B1C3C228A80497B738 /* Pods_TMDb.framework */,
			);
			name = Frameworks;
			sourceTree = "<group>";
		};
/* End PBXGroup section */

/* Begin PBXNativeTarget section */
		112A1B2D27398E3D00501788 /* TMDb */ = {
			isa = PBXNativeTarget;
			buildConfigurationList = 112A1B4227398E3E00501788 /* Build configuration list for PBXNativeTarget "TMDb" */;
			buildPhases = (
				559F33F4ECA4A9C7677915D5 /* [CP] Check Pods Manifest.lock */,
				112A1B2A27398E3D00501788 /* Sources */,
				112A1B2B27398E3D00501788 /* Frameworks */,
				112A1B2C27398E3D00501788 /* Resources */,
				72D0D38BD3B6EF66158EFEEB /* [CP] Embed Pods Frameworks */,
			);
			buildRules = (
			);
			dependencies = (
			);
			name = TMDb;
			productName = TMDb;
			productReference = 112A1B2E27398E3D00501788 /* TMDb.app */;
			productType = "com.apple.product-type.application";
		};
/* End PBXNativeTarget section */

/* Begin PBXProject section */
		112A1B2627398E3D00501788 /* Project object */ = {
			isa = PBXProject;
			attributes = {
				BuildIndependentTargetsInParallel = 1;
				LastSwiftUpdateCheck = 1310;
				LastUpgradeCheck = 1310;
				TargetAttributes = {
					112A1B2D27398E3D00501788 = {
						CreatedOnToolsVersion = 13.1;
					};
				};
			};
			buildConfigurationList = 112A1B2927398E3D00501788 /* Build configuration list for PBXProject "TMDb" */;
			compatibilityVersion = "Xcode 13.0";
			developmentRegion = en;
			hasScannedForEncodings = 0;
			knownRegions = (
				en,
				Base,
			);
			mainGroup = 112A1B2527398E3D00501788;
			productRefGroup = 112A1B2F27398E3D00501788 /* Products */;
			projectDirPath = "";
			projectRoot = "";
			targets = (
				112A1B2D27398E3D00501788 /* TMDb */,
			);
		};
/* End PBXProject section */

/* Begin PBXResourcesBuildPhase section */
		112A1B2C27398E3D00501788 /* Resources */ = {
			isa = PBXResourcesBuildPhase;
			buildActionMask = 2147483647;
			files = (
				112A1B3E27398E3E00501788 /* LaunchScreen.storyboard in Resources */,
				112A1B3B27398E3E00501788 /* Assets.xcassets in Resources */,
				112A1B522739A3E300501788 /* TrendingMovieTableViewCell.xib in Resources */,
				112A1B4827399ABD00501788 /* Podfile in Resources */,
				112A1B3927398E3D00501788 /* Main.storyboard in Resources */,
			);
			runOnlyForDeploymentPostprocessing = 0;
		};
/* End PBXResourcesBuildPhase section */

/* Begin PBXShellScriptBuildPhase section */
		559F33F4ECA4A9C7677915D5 /* [CP] Check Pods Manifest.lock */ = {
			isa = PBXShellScriptBuildPhase;
			buildActionMask = 2147483647;
			files = (
			);
			inputFileListPaths = (
			);
			inputPaths = (
				"${PODS_PODFILE_DIR_PATH}/Podfile.lock",
				"${PODS_ROOT}/Manifest.lock",
			);
			name = "[CP] Check Pods Manifest.lock";
			outputFileListPaths = (
			);
			outputPaths = (
				"$(DERIVED_FILE_DIR)/Pods-TMDb-checkManifestLockResult.txt",
			);
			runOnlyForDeploymentPostprocessing = 0;
			shellPath = /bin/sh;
			shellScript = "diff \"${PODS_PODFILE_DIR_PATH}/Podfile.lock\" \"${PODS_ROOT}/Manifest.lock\" > /dev/null\nif [ $? != 0 ] ; then\n    # print error to STDERR\n    echo \"error: The sandbox is not in sync with the Podfile.lock. Run 'pod install' or update your CocoaPods installation.\" >&2\n    exit 1\nfi\n# This output is used by Xcode 'outputs' to avoid re-running this script phase.\necho \"SUCCESS\" > \"${SCRIPT_OUTPUT_FILE_0}\"\n";
			showEnvVarsInLog = 0;
		};
		72D0D38BD3B6EF66158EFEEB /* [CP] Embed Pods Frameworks */ = {
			isa = PBXShellScriptBuildPhase;
			buildActionMask = 2147483647;
			files = (
			);
			inputFileListPaths = (
				"${PODS_ROOT}/Target Support Files/Pods-TMDb/Pods-TMDb-frameworks-${CONFIGURATION}-input-files.xcfilelist",
			);
			name = "[CP] Embed Pods Frameworks";
			outputFileListPaths = (
				"${PODS_ROOT}/Target Support Files/Pods-TMDb/Pods-TMDb-frameworks-${CONFIGURATION}-output-files.xcfilelist",
			);
			runOnlyForDeploymentPostprocessing = 0;
			shellPath = /bin/sh;
			shellScript = "\"${PODS_ROOT}/Target Support Files/Pods-TMDb/Pods-TMDb-frameworks.sh\"\n";
			showEnvVarsInLog = 0;
		};
/* End PBXShellScriptBuildPhase section */

/* Begin PBXSourcesBuildPhase section */
		112A1B2A27398E3D00501788 /* Sources */ = {
			isa = PBXSourcesBuildPhase;
			buildActionMask = 2147483647;
			files = (
				112A1B572739AC9200501788 /* MovieDetailsViewController.swift in Sources */,
				112A1B462739962D00501788 /* NetworkManager.swift in Sources */,
				112A1B512739A3E300501788 /* TrendingMovieTableViewCell.swift in Sources */,
				112A1B3627398E3D00501788 /* TrendingMoviesViewController.swift in Sources */,
				112A1B3227398E3D00501788 /* AppDelegate.swift in Sources */,
				112A1B3427398E3D00501788 /* SceneDelegate.swift in Sources */,
				112A1B4C27399C5700501788 /* Results.swift in Sources */,
				112A1B4D27399C5700501788 /* JSONResponce.swift in Sources */,
			);
			runOnlyForDeploymentPostprocessing = 0;
		};
/* End PBXSourcesBuildPhase section */

/* Begin PBXVariantGroup section */
		112A1B3727398E3D00501788 /* Main.storyboard */ = {
			isa = PBXVariantGroup;
			children = (
				112A1B3827398E3D00501788 /* Base */,
			);
			name = Main.storyboard;
			sourceTree = "<group>";
		};
		112A1B3C27398E3E00501788 /* LaunchScreen.storyboard */ = {
			isa = PBXVariantGroup;
			children = (
				112A1B3D27398E3E00501788 /* Base */,
			);
			name = LaunchScreen.storyboard;
			sourceTree = "<group>";
		};
/* End PBXVariantGroup section */

/* Begin XCBuildConfiguration section */
		112A1B4027398E3E00501788 /* Debug */ = {
			isa = XCBuildConfiguration;
			buildSettings = {
				ALWAYS_SEARCH_USER_PATHS = NO;
				CLANG_ANALYZER_NONNULL = YES;
				CLANG_ANALYZER_NUMBER_OBJECT_CONVERSION = YES_AGGRESSIVE;
				CLANG_CXX_LANGUAGE_STANDARD = "gnu++17";
				CLANG_CXX_LIBRARY = "libc++";
				CLANG_ENABLE_MODULES = YES;
				CLANG_ENABLE_OBJC_ARC = YES;
				CLANG_ENABLE_OBJC_WEAK = YES;
				CLANG_WARN_BLOCK_CAPTURE_AUTORELEASING = YES;
				CLANG_WARN_BOOL_CONVERSION = YES;
				CLANG_WARN_COMMA = YES;
				CLANG_WARN_CONSTANT_CONVERSION = YES;
				CLANG_WARN_DEPRECATED_OBJC_IMPLEMENTATIONS = YES;
				CLANG_WARN_DIRECT_OBJC_ISA_USAGE = YES_ERROR;
				CLANG_WARN_DOCUMENTATION_COMMENTS = YES;
				CLANG_WARN_EMPTY_BODY = YES;
				CLANG_WARN_ENUM_CONVERSION = YES;
				CLANG_WARN_INFINITE_RECURSION = YES;
				CLANG_WARN_INT_CONVERSION = YES;
				CLANG_WARN_NON_LITERAL_NULL_CONVERSION = YES;
				CLANG_WARN_OBJC_IMPLICIT_RETAIN_SELF = YES;
				CLANG_WARN_OBJC_LITERAL_CONVERSION = YES;
				CLANG_WARN_OBJC_ROOT_CLASS = YES_ERROR;
				CLANG_WARN_QUOTED_INCLUDE_IN_FRAMEWORK_HEADER = YES;
				CLANG_WARN_RANGE_LOOP_ANALYSIS = YES;
				CLANG_WARN_STRICT_PROTOTYPES = YES;
				CLANG_WARN_SUSPICIOUS_MOVE = YES;
				CLANG_WARN_UNGUARDED_AVAILABILITY = YES_AGGRESSIVE;
				CLANG_WARN_UNREACHABLE_CODE = YES;
				CLANG_WARN__DUPLICATE_METHOD_MATCH = YES;
				COPY_PHASE_STRIP = NO;
				DEBUG_INFORMATION_FORMAT = dwarf;
				ENABLE_STRICT_OBJC_MSGSEND = YES;
				ENABLE_TESTABILITY = YES;
				GCC_C_LANGUAGE_STANDARD = gnu11;
				GCC_DYNAMIC_NO_PIC = NO;
				GCC_NO_COMMON_BLOCKS = YES;
				GCC_OPTIMIZATION_LEVEL = 0;
				GCC_PREPROCESSOR_DEFINITIONS = (
					"DEBUG=1",
					"$(inherited)",
				);
				GCC_WARN_64_TO_32_BIT_CONVERSION = YES;
				GCC_WARN_ABOUT_RETURN_TYPE = YES_ERROR;
				GCC_WARN_UNDECLARED_SELECTOR = YES;
				GCC_WARN_UNINITIALIZED_AUTOS = YES_AGGRESSIVE;
				GCC_WARN_UNUSED_FUNCTION = YES;
				GCC_WARN_UNUSED_VARIABLE = YES;
				IPHONEOS_DEPLOYMENT_TARGET = 15.0;
				MTL_ENABLE_DEBUG_INFO = INCLUDE_SOURCE;
				MTL_FAST_MATH = YES;
				ONLY_ACTIVE_ARCH = YES;
				SDKROOT = iphoneos;
				SWIFT_ACTIVE_COMPILATION_CONDITIONS = DEBUG;
				SWIFT_OPTIMIZATION_LEVEL = "-Onone";
			};
			name = Debug;
		};
		112A1B4127398E3E00501788 /* Release */ = {
			isa = XCBuildConfiguration;
			buildSettings = {
				ALWAYS_SEARCH_USER_PATHS = NO;
				CLANG_ANALYZER_NONNULL = YES;
				CLANG_ANALYZER_NUMBER_OBJECT_CONVERSION = YES_AGGRESSIVE;
				CLANG_CXX_LANGUAGE_STANDARD = "gnu++17";
				CLANG_CXX_LIBRARY = "libc++";
				CLANG_ENABLE_MODULES = YES;
				CLANG_ENABLE_OBJC_ARC = YES;
				CLANG_ENABLE_OBJC_WEAK = YES;
				CLANG_WARN_BLOCK_CAPTURE_AUTORELEASING = YES;
				CLANG_WARN_BOOL_CONVERSION = YES;
				CLANG_WARN_COMMA = YES;
				CLANG_WARN_CONSTANT_CONVERSION = YES;
				CLANG_WARN_DEPRECATED_OBJC_IMPLEMENTATIONS = YES;
				CLANG_WARN_DIRECT_OBJC_ISA_USAGE = YES_ERROR;
				CLANG_WARN_DOCUMENTATION_COMMENTS = YES;
				CLANG_WARN_EMPTY_BODY = YES;
				CLANG_WARN_ENUM_CONVERSION = YES;
				CLANG_WARN_INFINITE_RECURSION = YES;
				CLANG_WARN_INT_CONVERSION = YES;
				CLANG_WARN_NON_LITERAL_NULL_CONVERSION = YES;
				CLANG_WARN_OBJC_IMPLICIT_RETAIN_SELF = YES;
				CLANG_WARN_OBJC_LITERAL_CONVERSION = YES;
				CLANG_WARN_OBJC_ROOT_CLASS = YES_ERROR;
				CLANG_WARN_QUOTED_INCLUDE_IN_FRAMEWORK_HEADER = YES;
				CLANG_WARN_RANGE_LOOP_ANALYSIS = YES;
				CLANG_WARN_STRICT_PROTOTYPES = YES;
				CLANG_WARN_SUSPICIOUS_MOVE = YES;
				CLANG_WARN_UNGUARDED_AVAILABILITY = YES_AGGRESSIVE;
				CLANG_WARN_UNREACHABLE_CODE = YES;
				CLANG_WARN__DUPLICATE_METHOD_MATCH = YES;
				COPY_PHASE_STRIP = NO;
				DEBUG_INFORMATION_FORMAT = "dwarf-with-dsym";
				ENABLE_NS_ASSERTIONS = NO;
				ENABLE_STRICT_OBJC_MSGSEND = YES;
				GCC_C_LANGUAGE_STANDARD = gnu11;
				GCC_NO_COMMON_BLOCKS = YES;
				GCC_WARN_64_TO_32_BIT_CONVERSION = YES;
				GCC_WARN_ABOUT_RETURN_TYPE = YES_ERROR;
				GCC_WARN_UNDECLARED_SELECTOR = YES;
				GCC_WARN_UNINITIALIZED_AUTOS = YES_AGGRESSIVE;
				GCC_WARN_UNUSED_FUNCTION = YES;
				GCC_WARN_UNUSED_VARIABLE = YES;
				IPHONEOS_DEPLOYMENT_TARGET = 15.0;
				MTL_ENABLE_DEBUG_INFO = NO;
				MTL_FAST_MATH = YES;
				SDKROOT = iphoneos;
				SWIFT_COMPILATION_MODE = wholemodule;
				SWIFT_OPTIMIZATION_LEVEL = "-O";
				VALIDATE_PRODUCT = YES;
			};
			name = Release;
		};
		112A1B4327398E3E00501788 /* Debug */ = {
			isa = XCBuildConfiguration;
			baseConfigurationReference = EA99C680404C1EFC0AA317E7 /* Pods-TMDb.debug.xcconfig */;
			buildSettings = {
				ASSETCATALOG_COMPILER_APPICON_NAME = AppIcon;
				ASSETCATALOG_COMPILER_GLOBAL_ACCENT_COLOR_NAME = AccentColor;
				CODE_SIGN_STYLE = Automatic;
				CURRENT_PROJECT_VERSION = 1;
				DEVELOPMENT_TEAM = 5LHF76Y88Y;
				GENERATE_INFOPLIST_FILE = YES;
				INFOPLIST_FILE = TMDb/Info.plist;
				INFOPLIST_KEY_UIApplicationSupportsIndirectInputEvents = YES;
				INFOPLIST_KEY_UILaunchStoryboardName = LaunchScreen;
				INFOPLIST_KEY_UIMainStoryboardFile = Main;
				INFOPLIST_KEY_UISupportedInterfaceOrientations_iPad = "UIInterfaceOrientationPortrait UIInterfaceOrientationPortraitUpsideDown UIInterfaceOrientationLandscapeLeft UIInterfaceOrientationLandscapeRight";
				INFOPLIST_KEY_UISupportedInterfaceOrientations_iPhone = "UIInterfaceOrientationPortrait UIInterfaceOrientationLandscapeLeft UIInterfaceOrientationLandscapeRight";
				LD_RUNPATH_SEARCH_PATHS = (
					"$(inherited)",
					"@executable_path/Frameworks",
				);
				MARKETING_VERSION = 1.0;
				PRODUCT_BUNDLE_IDENTIFIER = alexdneprin.TMDb;
				PRODUCT_NAME = "$(TARGET_NAME)";
				SWIFT_EMIT_LOC_STRINGS = YES;
				SWIFT_VERSION = 5.0;
				TARGETED_DEVICE_FAMILY = "1,2";
			};
			name = Debug;
		};
		112A1B4427398E3E00501788 /* Release */ = {
			isa = XCBuildConfiguration;
			baseConfigurationReference = DD14CF10FBAF9F2990A0C957 /* Pods-TMDb.release.xcconfig */;
			buildSettings = {
				ASSETCATALOG_COMPILER_APPICON_NAME = AppIcon;
				ASSETCATALOG_COMPILER_GLOBAL_ACCENT_COLOR_NAME = AccentColor;
				CODE_SIGN_STYLE = Automatic;
				CURRENT_PROJECT_VERSION = 1;
				DEVELOPMENT_TEAM = 5LHF76Y88Y;
				GENERATE_INFOPLIST_FILE = YES;
				INFOPLIST_FILE = TMDb/Info.plist;
				INFOPLIST_KEY_UIApplicationSupportsIndirectInputEvents = YES;
				INFOPLIST_KEY_UILaunchStoryboardName = LaunchScreen;
				INFOPLIST_KEY_UIMainStoryboardFile = Main;
				INFOPLIST_KEY_UISupportedInterfaceOrientations_iPad = "UIInterfaceOrientationPortrait UIInterfaceOrientationPortraitUpsideDown UIInterfaceOrientationLandscapeLeft UIInterfaceOrientationLandscapeRight";
				INFOPLIST_KEY_UISupportedInterfaceOrientations_iPhone = "UIInterfaceOrientationPortrait UIInterfaceOrientationLandscapeLeft UIInterfaceOrientationLandscapeRight";
				LD_RUNPATH_SEARCH_PATHS = (
					"$(inherited)",
					"@executable_path/Frameworks",
				);
				MARKETING_VERSION = 1.0;
				PRODUCT_BUNDLE_IDENTIFIER = alexdneprin.TMDb;
				PRODUCT_NAME = "$(TARGET_NAME)";
				SWIFT_EMIT_LOC_STRINGS = YES;
				SWIFT_VERSION = 5.0;
				TARGETED_DEVICE_FAMILY = "1,2";
			};
			name = Release;
		};
/* End XCBuildConfiguration section */

/* Begin XCConfigurationList section */
		112A1B2927398E3D00501788 /* Build configuration list for PBXProject "TMDb" */ = {
			isa = XCConfigurationList;
			buildConfigurations = (
				112A1B4027398E3E00501788 /* Debug */,
				112A1B4127398E3E00501788 /* Release */,
			);
			defaultConfigurationIsVisible = 0;
			defaultConfigurationName = Release;
		};
		112A1B4227398E3E00501788 /* Build configuration list for PBXNativeTarget "TMDb" */ = {
			isa = XCConfigurationList;
			buildConfigurations = (
				112A1B4327398E3E00501788 /* Debug */,
				112A1B4427398E3E00501788 /* Release */,
			);
			defaultConfigurationIsVisible = 0;
			defaultConfigurationName = Release;
		};
/* End XCConfigurationList section */
	};
	rootObject = 112A1B2627398E3D00501788 /* Project object */;
}
